<?xml version="1.0" encoding="utf-8"?>
<Project ToolsVersion="4.0" xmlns="http://schemas.microsoft.com/developer/msbuild/2003">
  <ItemGroup>
    <Filter Include="Source Files">
      <UniqueIdentifier>{4FC737F1-C7A5-4376-A066-2A32D752A2FF}</UniqueIdentifier>
      <Extensions>cpp;c;cc;cxx;c++;cppm;ixx;def;odl;idl;hpj;bat;asm;asmx</Extensions>
    </Filter>
    <Filter Include="Header Files">
      <UniqueIdentifier>{93995380-89BD-4b04-88EB-625FBE52EBFB}</UniqueIdentifier>
      <Extensions>h;hh;hpp;hxx;h++;hm;inl;inc;ipp;xsd</Extensions>
    </Filter>
    <Filter Include="Resource Files">
      <UniqueIdentifier>{67DA6AB6-F800-4c08-8B7A-83BB121AAD01}</UniqueIdentifier>
      <Extensions>rc;ico;cur;bmp;dlg;rc2;rct;bin;rgs;gif;jpg;jpeg;jpe;resx;tiff;tif;png;wav;mfcribbon-ms</Extensions>
    </Filter>
  </ItemGroup>
  <ItemGroup>
    <ClCompile Include="G:\win_SFML\win\StateMachine.cpp">
      <Filter>Source Files</Filter>
    </ClCompile>
    <ClCompile Include="G:\win_SFML\win\AssetManager.cpp">
      <Filter>Source Files</Filter>
    </ClCompile>
    <ClCompile Include="G:\win_SFML\win\Flash.cpp">
      <Filter>Source Files</Filter>
    </ClCompile>
    <ClCompile Include="G:\win_SFML\win\HUD.cpp">
      <Filter>Source Files</Filter>
    </ClCompile>
    <ClCompile Include="G:\win_SFML\win\InputManager.cpp">
      <Filter>Source Files</Filter>
    </ClCompile>
    <ClCompile Include="G:\win_SFML\win\Land.cpp">
      <Filter>Source Files</Filter>
    </ClCompile>
    <ClCompile Include="G:\win_SFML\win\MainMenuState.cpp">
      <Filter>Source Files</Filter>
    </ClCompile>
    <ClCompile Include="G:\win_SFML\win\main.cpp">
      <Filter>Source Files</Filter>
    </ClCompile>
    <ClCompile Include="G:\2D_ENgINe\SplashState.cpp">
      <Filter>Source Files</Filter>
    </ClCompile>
    <ClCompile Include="G:\2D_ENgINe\GameOverState.cpp">
      <Filter>Source Files</Filter>
    </ClCompile>
    <ClCompile Include="G:\2D_ENgINe\entity.cpp">
      <Filter>Source Files</Filter>
    </ClCompile>
    <ClCompile Include="G:\2D_ENgINe\Game.cpp">
      <Filter>Source Files</Filter>
    </ClCompile>
    <ClCompile Include="G:\2D_ENgINe\Bullet.cpp">
      <Filter>Source Files</Filter>
    </ClCompile>
    <ClCompile Include="G:\2D_ENgINe\Enemy.cpp">
      <Filter>Source Files</Filter>
    </ClCompile>
    <ClCompile Include="G:\2D_ENgINe\entity_manager.cpp">
      <Filter>Source Files</Filter>
    </ClCompile>
    <ClCompile Include="G:\2D_ENgINe\GameWorld.cpp">
      <Filter>Source Files</Filter>
    </ClCompile>
    <ClCompile Include="G:\2D_ENgINe\Gun.cpp">
      <Filter>Source Files</Filter>
    </ClCompile>
    <ClCompile Include="G:\2D_ENgINe\GameState.cpp">
      <Filter>Source Files</Filter>
    </ClCompile>
    <ClCompile Include="G:\2D_ENgINe\LoadingGameObjects.cpp">
      <Filter>Source Files</Filter>
    </ClCompile>
    <ClCompile Include="G:\2D_ENgINe\Main_Player.cpp">
      <Filter>Source Files</Filter>
    </ClCompile>
  </ItemGroup>
  <ItemGroup>
    <ClInclude Include="G:\win_SFML\win\State.hpp">
      <Filter>Header Files</Filter>
    </ClInclude>
    <ClInclude Include="G:\win_SFML\win\StateMachine.hpp">
      <Filter>Header Files</Filter>
    </ClInclude>
    <ClInclude Include="G:\win_SFML\win\AssetManager.hpp">
      <Filter>Header Files</Filter>
    </ClInclude>
    <ClInclude Include="G:\win_SFML\win\Flash.hpp">
      <Filter>Header Files</Filter>
    </ClInclude>
    <ClInclude Include="G:\win_SFML\win\HUD.hpp">
      <Filter>Header Files</Filter>
    </ClInclude>
    <ClInclude Include="G:\win_SFML\win\InputManager.hpp">
      <Filter>Header Files</Filter>
    </ClInclude>
    <ClInclude Include="G:\win_SFML\win\Land.hpp">
      <Filter>Header Files</Filter>
    </ClInclude>
    <ClInclude Include="G:\win_SFML\win\MainMenuState.hpp">
      <Filter>Header Files</Filter>
    </ClInclude>
    <ClInclude Include="G:\win_SFML\win\TileMap.hpp">
      <Filter>Header Files</Filter>
    </ClInclude>
    <ClInclude Include="G:\2D_ENgINe\SplashState.hpp">
      <Filter>Header Files</Filter>
    </ClInclude>
    <ClInclude Include="G:\2D_ENgINe\GameOverState.hpp">
      <Filter>Header Files</Filter>
    </ClInclude>
    <ClInclude Include="G:\2D_ENgINe\entity.h">
      <Filter>Header Files</Filter>
    </ClInclude>
    <ClInclude Include="G:\2D_ENgINe\Game.hpp">
      <Filter>Header Files</Filter>
    </ClInclude>
    <ClInclude Include="G:\2D_ENgINe\Bullet.hpp">
      <Filter>Header Files</Filter>
    </ClInclude>
    <ClInclude Include="G:\2D_ENgINe\Enemy.hpp">
      <Filter>Header Files</Filter>
    </ClInclude>
    <ClInclude Include="G:\2D_ENgINe\entity_manager.h">
      <Filter>Header Files</Filter>
    </ClInclude>
    <ClInclude Include="G:\2D_ENgINe\GameWorld.hpp">
      <Filter>Header Files</Filter>
    </ClInclude>
    <ClInclude Include="G:\2D_ENgINe\Gun.hpp">
      <Filter>Header Files</Filter>
    </ClInclude>
    <ClInclude Include="G:\2D_ENgINe\GameState.hpp">
      <Filter>Header Files</Filter>
    </ClInclude>
    <ClInclude Include="G:\2D_ENgINe\LoadingGameObjects.hpp">
      <Filter>Header Files</Filter>
    </ClInclude>
    <ClInclude Include="G:\2D_ENgINe\Main_Player.hpp">
      <Filter>Header Files</Filter>
    </ClInclude>
  </ItemGroup>
</Project>